
Microsoft Visual Studio Solution File, Format Version 12.00
# Visual Studio Version 17
VisualStudioVersion = 17.9.34622.214
MinimumVisualStudioVersion = 10.0.40219.1
Project("{FAE04EC0-301F-11D3-BF4B-00C04F79EFBC}") = "ShoppingApp", "ShoppingApp\ShoppingApp.csproj", "{13862D40-654F-4A7B-97E6-4D908FFC661F}"
EndProject
Global
	GlobalSection(SolutionConfigurationPlatforms) = preSolution
		Debug|Any CPU = Debug|Any CPU
		Release|Any CPU = Release|Any CPU
	EndGlobalSection
	GlobalSection(ProjectConfigurationPlatforms) = postSolution
		{13862D40-654F-4A7B-97E6-4D908FFC661F}.Debug|Any CPU.ActiveCfg = Debug|Any CPU
		{13862D40-654F-4A7B-97E6-4D908FFC661F}.Debug|Any CPU.Build.0 = Debug|Any CPU
		{13862D40-654F-4A7B-97E6-4D908FFC661F}.Release|Any CPU.ActiveCfg = Release|Any CPU
		{13862D40-654F-4A7B-97E6-4D908FFC661F}.Release|Any CPU.Build.0 = Release|Any CPU
	EndGlobalSection
	GlobalSection(SolutionProperties) = preSolution
		HideSolutionNode = FALSE
	EndGlobalSection
	GlobalSection(ExtensibilityGlobals) = postSolution
		SolutionGuid = {A3741503-CC03-48C4-804D-4613D02307CC}
	EndGlobalSection
EndGlobal
